
Microsoft Visual Studio Solution File, Format Version 12.00
# Visual Studio 15
VisualStudioVersion = 15.0.27130.2027
MinimumVisualStudioVersion = 10.0.40219.1
Project("{F184B08F-C81C-45F6-A57F-5ABD9991F28F}") = "ESM", "ESM\ESM.vbproj", "{A4D7F864-4492-4671-B98F-1C79875B11AA}"
EndProject
Global
	GlobalSection(SolutionConfigurationPlatforms) = preSolution
		Debug|Any CPU = Debug|Any CPU
		Release|Any CPU = Release|Any CPU
	EndGlobalSection
	GlobalSection(ProjectConfigurationPlatforms) = postSolution
		{A4D7F864-4492-4671-B98F-1C79875B11AA}.Debug|Any CPU.ActiveCfg = Debug|Any CPU
		{A4D7F864-4492-4671-B98F-1C79875B11AA}.Debug|Any CPU.Build.0 = Debug|Any CPU
		{A4D7F864-4492-4671-B98F-1C79875B11AA}.Release|Any CPU.ActiveCfg = Release|Any CPU
		{A4D7F864-4492-4671-B98F-1C79875B11AA}.Release|Any CPU.Build.0 = Release|Any CPU
	EndGlobalSection
	GlobalSection(SolutionProperties) = preSolution
		HideSolutionNode = FALSE
	EndGlobalSection
	GlobalSection(ExtensibilityGlobals) = postSolution
		SolutionGuid = {58180D3A-BD18-4189-9FEF-79B69DDCDB34}
	EndGlobalSection
EndGlobal
